
Microsoft Visual Studio Solution File, Format Version 12.00
# Visual Studio Version 16
VisualStudioVersion = 16.0.32901.82
MinimumVisualStudioVersion = 10.0.40219.1
Project("{2150E333-8FDC-42A3-9474-1A3956D46DE8}") = "Labs", "Labs", "{C7620A52-B6F3-498E-85C9-C00B70ED1A4E}"
EndProject
Project("{2150E333-8FDC-42A3-9474-1A3956D46DE8}") = "Lab1", "Lab1", "{149F61CA-9861-4B6D-8F15-D6BF6CB7A03C}"
EndProject
Project("{2150E333-8FDC-42A3-9474-1A3956D46DE8}") = "Lab2", "Lab2", "{AAAEF205-0C03-4BC6-8C53-52262E33B0C4}"
EndProject
Project("{2150E333-8FDC-42A3-9474-1A3956D46DE8}") = "Lab3", "Lab3", "{3939547E-ABAB-485B-ADBA-11A90C71A604}"
EndProject
Project("{9A19103F-16F7-4668-BE54-9A1E7A4F7556}") = "Lab1Calculator", "Lab1Calculator\Lab1Calculator.csproj", "{62AED698-C996-4234-AADB-3A3F550D74A4}"
EndProject
Project("{9A19103F-16F7-4668-BE54-9A1E7A4F7556}") = "Lab2EvenOdd", "Lab2EvenOdd\Lab2EvenOdd.csproj", "{907052F3-37CF-42D8-B523-8ECAB2CFE790}"
EndProject
Project("{9A19103F-16F7-4668-BE54-9A1E7A4F7556}") = "Lab3WebApi.Tests", "Lab3WebApi.Tests\Lab3WebApi.Tests.csproj", "{3022B8D5-A7FD-4B49-90E2-5D584F4784DC}"
EndProject
Project("{9A19103F-16F7-4668-BE54-9A1E7A4F7556}") = "Lab3WebApi", "Lab3WebApi\Lab3WebApi.csproj", "{4EA2F054-DEC5-4FA8-B6D2-1F59DBB91D50}"
EndProject
Project("{2150E333-8FDC-42A3-9474-1A3956D46DE8}") = "Lab4", "Lab4", "{694CB0E3-E270-41DD-AC1E-D67E5A39736C}"
EndProject
Project("{9A19103F-16F7-4668-BE54-9A1E7A4F7556}") = "Lab4CodeCoverage", "Lab4CodeCoverage\Lab4CodeCoverage.csproj", "{980E1E05-032A-4547-AF90-08F2E505D169}"
EndProject
Project("{9A19103F-16F7-4668-BE54-9A1E7A4F7556}") = "StringLibrary", "StringLibrary\StringLibrary.csproj", "{8219C506-17D4-4DAE-8CEB-58DD1B300B70}"
EndProject
Project("{2150E333-8FDC-42A3-9474-1A3956D46DE8}") = "Examples", "Examples", "{60BB3EFC-D5EA-4F38-A93C-A5A12599DC2D}"
EndProject
Project("{2150E333-8FDC-42A3-9474-1A3956D46DE8}") = "ExampleSelenium", "ExampleSelenium", "{FF4CA388-CD55-455A-8678-DB85DCEED098}"
EndProject
Project("{9A19103F-16F7-4668-BE54-9A1E7A4F7556}") = "ExampleSelenium", "ExampleSelenium\ExampleSelenium.csproj", "{CDD2E46A-8FB0-4856-ACED-6ED544EB1256}"
EndProject
Project("{2150E333-8FDC-42A3-9474-1A3956D46DE8}") = "LabRomerskaSiffror", "LabRomerskaSiffror", "{4EEB0330-DA73-4F8F-91F2-0D565ACA4D53}"
EndProject
Project("{9A19103F-16F7-4668-BE54-9A1E7A4F7556}") = "LabRomerskaSiffror", "LabRomerskaSiffror\LabRomerskaSiffror.csproj", "{2C1764A7-1F5D-4BA1-AB25-9BCDB29DAF8F}"
EndProject
Project("{2150E333-8FDC-42A3-9474-1A3956D46DE8}") = "LabWhishList", "LabWhishList", "{182FFBD2-BA5B-4AD6-9F69-F1747FA495B4}"
EndProject
Project("{9A19103F-16F7-4668-BE54-9A1E7A4F7556}") = "WhishList", "WhishList\WhishList.csproj", "{3F84274F-DCE3-406E-8958-07D0E2FC58E5}"
EndProject
Project("{2150E333-8FDC-42A3-9474-1A3956D46DE8}") = "ExampleSpecflow", "ExampleSpecflow", "{87DE45A9-B961-4F94-8DFB-9CC118EBF881}"
EndProject
Project("{9A19103F-16F7-4668-BE54-9A1E7A4F7556}") = "ExampleSpecflow", "ExampleSpecflow\ExampleSpecflow.csproj", "{EA585D5B-1E12-40A8-98B7-3E0AA0A28D68}"
EndProject
Project("{9A19103F-16F7-4668-BE54-9A1E7A4F7556}") = "WebApi", "WebApi\WebApi.csproj", "{052554B0-9BF9-4676-95A5-8D0D37F1CB29}"
EndProject
Project("{9A19103F-16F7-4668-BE54-9A1E7A4F7556}") = "WebApi.Tests", "WebApi.Tests\WebApi.Tests.csproj", "{DC27F0FC-098D-4BB1-AA3C-AC55AC7C9CB3}"
EndProject
Project("{FAE04EC0-301F-11D3-BF4B-00C04F79EFBC}") = "TestProject1", "TestProject1\TestProject1.csproj", "{A0ADC00F-E4DD-4402-9901-AF8F5B2FB6D8}"
EndProject
Global
	GlobalSection(SolutionConfigurationPlatforms) = preSolution
		Debug|Any CPU = Debug|Any CPU
		Release|Any CPU = Release|Any CPU
	EndGlobalSection
	GlobalSection(ProjectConfigurationPlatforms) = postSolution
		{62AED698-C996-4234-AADB-3A3F550D74A4}.Debug|Any CPU.ActiveCfg = Debug|Any CPU
		{62AED698-C996-4234-AADB-3A3F550D74A4}.Debug|Any CPU.Build.0 = Debug|Any CPU
		{62AED698-C996-4234-AADB-3A3F550D74A4}.Release|Any CPU.ActiveCfg = Release|Any CPU
		{62AED698-C996-4234-AADB-3A3F550D74A4}.Release|Any CPU.Build.0 = Release|Any CPU
		{907052F3-37CF-42D8-B523-8ECAB2CFE790}.Debug|Any CPU.ActiveCfg = Debug|Any CPU
		{907052F3-37CF-42D8-B523-8ECAB2CFE790}.Debug|Any CPU.Build.0 = Debug|Any CPU
		{907052F3-37CF-42D8-B523-8ECAB2CFE790}.Release|Any CPU.ActiveCfg = Release|Any CPU
		{907052F3-37CF-42D8-B523-8ECAB2CFE790}.Release|Any CPU.Build.0 = Release|Any CPU
		{3022B8D5-A7FD-4B49-90E2-5D584F4784DC}.Debug|Any CPU.ActiveCfg = Debug|Any CPU
		{3022B8D5-A7FD-4B49-90E2-5D584F4784DC}.Debug|Any CPU.Build.0 = Debug|Any CPU
		{3022B8D5-A7FD-4B49-90E2-5D584F4784DC}.Release|Any CPU.ActiveCfg = Release|Any CPU
		{3022B8D5-A7FD-4B49-90E2-5D584F4784DC}.Release|Any CPU.Build.0 = Release|Any CPU
		{4EA2F054-DEC5-4FA8-B6D2-1F59DBB91D50}.Debug|Any CPU.ActiveCfg = Debug|Any CPU
		{4EA2F054-DEC5-4FA8-B6D2-1F59DBB91D50}.Debug|Any CPU.Build.0 = Debug|Any CPU
		{4EA2F054-DEC5-4FA8-B6D2-1F59DBB91D50}.Release|Any CPU.ActiveCfg = Release|Any CPU
		{4EA2F054-DEC5-4FA8-B6D2-1F59DBB91D50}.Release|Any CPU.Build.0 = Release|Any CPU
		{980E1E05-032A-4547-AF90-08F2E505D169}.Debug|Any CPU.ActiveCfg = Debug|Any CPU
		{980E1E05-032A-4547-AF90-08F2E505D169}.Debug|Any CPU.Build.0 = Debug|Any CPU
		{980E1E05-032A-4547-AF90-08F2E505D169}.Release|Any CPU.ActiveCfg = Release|Any CPU
		{980E1E05-032A-4547-AF90-08F2E505D169}.Release|Any CPU.Build.0 = Release|Any CPU
		{8219C506-17D4-4DAE-8CEB-58DD1B300B70}.Debug|Any CPU.ActiveCfg = Debug|Any CPU
		{8219C506-17D4-4DAE-8CEB-58DD1B300B70}.Debug|Any CPU.Build.0 = Debug|Any CPU
		{8219C506-17D4-4DAE-8CEB-58DD1B300B70}.Release|Any CPU.ActiveCfg = Release|Any CPU
		{8219C506-17D4-4DAE-8CEB-58DD1B300B70}.Release|Any CPU.Build.0 = Release|Any CPU
		{CDD2E46A-8FB0-4856-ACED-6ED544EB1256}.Debug|Any CPU.ActiveCfg = Debug|Any CPU
		{CDD2E46A-8FB0-4856-ACED-6ED544EB1256}.Debug|Any CPU.Build.0 = Debug|Any CPU
		{CDD2E46A-8FB0-4856-ACED-6ED544EB1256}.Release|Any CPU.ActiveCfg = Release|Any CPU
		{CDD2E46A-8FB0-4856-ACED-6ED544EB1256}.Release|Any CPU.Build.0 = Release|Any CPU
		{2C1764A7-1F5D-4BA1-AB25-9BCDB29DAF8F}.Debug|Any CPU.ActiveCfg = Debug|Any CPU
		{2C1764A7-1F5D-4BA1-AB25-9BCDB29DAF8F}.Debug|Any CPU.Build.0 = Debug|Any CPU
		{2C1764A7-1F5D-4BA1-AB25-9BCDB29DAF8F}.Release|Any CPU.ActiveCfg = Release|Any CPU
		{2C1764A7-1F5D-4BA1-AB25-9BCDB29DAF8F}.Release|Any CPU.Build.0 = Release|Any CPU
		{3F84274F-DCE3-406E-8958-07D0E2FC58E5}.Debug|Any CPU.ActiveCfg = Debug|Any CPU
		{3F84274F-DCE3-406E-8958-07D0E2FC58E5}.Debug|Any CPU.Build.0 = Debug|Any CPU
		{3F84274F-DCE3-406E-8958-07D0E2FC58E5}.Release|Any CPU.ActiveCfg = Release|Any CPU
		{3F84274F-DCE3-406E-8958-07D0E2FC58E5}.Release|Any CPU.Build.0 = Release|Any CPU
		{EA585D5B-1E12-40A8-98B7-3E0AA0A28D68}.Debug|Any CPU.ActiveCfg = Debug|Any CPU
		{EA585D5B-1E12-40A8-98B7-3E0AA0A28D68}.Debug|Any CPU.Build.0 = Debug|Any CPU
		{EA585D5B-1E12-40A8-98B7-3E0AA0A28D68}.Release|Any CPU.ActiveCfg = Release|Any CPU
		{EA585D5B-1E12-40A8-98B7-3E0AA0A28D68}.Release|Any CPU.Build.0 = Release|Any CPU
		{052554B0-9BF9-4676-95A5-8D0D37F1CB29}.Debug|Any CPU.ActiveCfg = Debug|Any CPU
		{052554B0-9BF9-4676-95A5-8D0D37F1CB29}.Debug|Any CPU.Build.0 = Debug|Any CPU
		{052554B0-9BF9-4676-95A5-8D0D37F1CB29}.Release|Any CPU.ActiveCfg = Release|Any CPU
		{052554B0-9BF9-4676-95A5-8D0D37F1CB29}.Release|Any CPU.Build.0 = Release|Any CPU
		{DC27F0FC-098D-4BB1-AA3C-AC55AC7C9CB3}.Debug|Any CPU.ActiveCfg = Debug|Any CPU
		{DC27F0FC-098D-4BB1-AA3C-AC55AC7C9CB3}.Debug|Any CPU.Build.0 = Debug|Any CPU
		{DC27F0FC-098D-4BB1-AA3C-AC55AC7C9CB3}.Release|Any CPU.ActiveCfg = Release|Any CPU
		{DC27F0FC-098D-4BB1-AA3C-AC55AC7C9CB3}.Release|Any CPU.Build.0 = Release|Any CPU
		{A0ADC00F-E4DD-4402-9901-AF8F5B2FB6D8}.Debug|Any CPU.ActiveCfg = Debug|Any CPU
		{A0ADC00F-E4DD-4402-9901-AF8F5B2FB6D8}.Debug|Any CPU.Build.0 = Debug|Any CPU
		{A0ADC00F-E4DD-4402-9901-AF8F5B2FB6D8}.Release|Any CPU.ActiveCfg = Release|Any CPU
		{A0ADC00F-E4DD-4402-9901-AF8F5B2FB6D8}.Release|Any CPU.Build.0 = Release|Any CPU
	EndGlobalSection
	GlobalSection(SolutionProperties) = preSolution
		HideSolutionNode = FALSE
	EndGlobalSection
	GlobalSection(NestedProjects) = preSolution
		{149F61CA-9861-4B6D-8F15-D6BF6CB7A03C} = {C7620A52-B6F3-498E-85C9-C00B70ED1A4E}
		{AAAEF205-0C03-4BC6-8C53-52262E33B0C4} = {C7620A52-B6F3-498E-85C9-C00B70ED1A4E}
		{3939547E-ABAB-485B-ADBA-11A90C71A604} = {C7620A52-B6F3-498E-85C9-C00B70ED1A4E}
		{62AED698-C996-4234-AADB-3A3F550D74A4} = {149F61CA-9861-4B6D-8F15-D6BF6CB7A03C}
		{907052F3-37CF-42D8-B523-8ECAB2CFE790} = {AAAEF205-0C03-4BC6-8C53-52262E33B0C4}
		{3022B8D5-A7FD-4B49-90E2-5D584F4784DC} = {3939547E-ABAB-485B-ADBA-11A90C71A604}
		{4EA2F054-DEC5-4FA8-B6D2-1F59DBB91D50} = {3939547E-ABAB-485B-ADBA-11A90C71A604}
		{694CB0E3-E270-41DD-AC1E-D67E5A39736C} = {C7620A52-B6F3-498E-85C9-C00B70ED1A4E}
		{980E1E05-032A-4547-AF90-08F2E505D169} = {694CB0E3-E270-41DD-AC1E-D67E5A39736C}
		{8219C506-17D4-4DAE-8CEB-58DD1B300B70} = {694CB0E3-E270-41DD-AC1E-D67E5A39736C}
		{FF4CA388-CD55-455A-8678-DB85DCEED098} = {60BB3EFC-D5EA-4F38-A93C-A5A12599DC2D}
		{CDD2E46A-8FB0-4856-ACED-6ED544EB1256} = {FF4CA388-CD55-455A-8678-DB85DCEED098}
		{4EEB0330-DA73-4F8F-91F2-0D565ACA4D53} = {C7620A52-B6F3-498E-85C9-C00B70ED1A4E}
		{2C1764A7-1F5D-4BA1-AB25-9BCDB29DAF8F} = {4EEB0330-DA73-4F8F-91F2-0D565ACA4D53}
		{182FFBD2-BA5B-4AD6-9F69-F1747FA495B4} = {C7620A52-B6F3-498E-85C9-C00B70ED1A4E}
		{3F84274F-DCE3-406E-8958-07D0E2FC58E5} = {182FFBD2-BA5B-4AD6-9F69-F1747FA495B4}
		{87DE45A9-B961-4F94-8DFB-9CC118EBF881} = {60BB3EFC-D5EA-4F38-A93C-A5A12599DC2D}
		{EA585D5B-1E12-40A8-98B7-3E0AA0A28D68} = {87DE45A9-B961-4F94-8DFB-9CC118EBF881}
		{052554B0-9BF9-4676-95A5-8D0D37F1CB29} = {60BB3EFC-D5EA-4F38-A93C-A5A12599DC2D}
		{DC27F0FC-098D-4BB1-AA3C-AC55AC7C9CB3} = {60BB3EFC-D5EA-4F38-A93C-A5A12599DC2D}
	EndGlobalSection
	GlobalSection(ExtensibilityGlobals) = postSolution
		SolutionGuid = {38E3C62E-0985-4CED-9F4E-0119D7A90CF7}
	EndGlobalSection
EndGlobal
